
Microsoft Visual Studio Solution File, Format Version 12.00
# Visual Studio Version 16
VisualStudioVersion = 16.0.30804.86
MinimumVisualStudioVersion = 10.0.40219.1
Project("{FAE04EC0-301F-11D3-BF4B-00C04F79EFBC}") = "AzureServiceBus1", "AzureServiceBus1\AzureServiceBus1.csproj", "{FE0B80A8-FC3F-41EB-8ED2-6C7C81586D4B}"
EndProject
Project("{FAE04EC0-301F-11D3-BF4B-00C04F79EFBC}") = "ASBReceiver", "ASBReceiver\ASBReceiver.csproj", "{A9543CD7-71DF-460A-ACE1-F6E5254D4DA8}"
EndProject
Project("{FAE04EC0-301F-11D3-BF4B-00C04F79EFBC}") = "Shared", "Shared\Shared.csproj", "{8DE39669-3A74-49C3-8173-9DF6DD98C41B}"
EndProject
Global
	GlobalSection(SolutionConfigurationPlatforms) = preSolution
		Debug|Any CPU = Debug|Any CPU
		Release|Any CPU = Release|Any CPU
	EndGlobalSection
	GlobalSection(ProjectConfigurationPlatforms) = postSolution
		{FE0B80A8-FC3F-41EB-8ED2-6C7C81586D4B}.Debug|Any CPU.ActiveCfg = Debug|Any CPU
		{FE0B80A8-FC3F-41EB-8ED2-6C7C81586D4B}.Debug|Any CPU.Build.0 = Debug|Any CPU
		{FE0B80A8-FC3F-41EB-8ED2-6C7C81586D4B}.Release|Any CPU.ActiveCfg = Release|Any CPU
		{FE0B80A8-FC3F-41EB-8ED2-6C7C81586D4B}.Release|Any CPU.Build.0 = Release|Any CPU
		{A9543CD7-71DF-460A-ACE1-F6E5254D4DA8}.Debug|Any CPU.ActiveCfg = Debug|Any CPU
		{A9543CD7-71DF-460A-ACE1-F6E5254D4DA8}.Debug|Any CPU.Build.0 = Debug|Any CPU
		{A9543CD7-71DF-460A-ACE1-F6E5254D4DA8}.Release|Any CPU.ActiveCfg = Release|Any CPU
		{A9543CD7-71DF-460A-ACE1-F6E5254D4DA8}.Release|Any CPU.Build.0 = Release|Any CPU
		{8DE39669-3A74-49C3-8173-9DF6DD98C41B}.Debug|Any CPU.ActiveCfg = Debug|Any CPU
		{8DE39669-3A74-49C3-8173-9DF6DD98C41B}.Debug|Any CPU.Build.0 = Debug|Any CPU
		{8DE39669-3A74-49C3-8173-9DF6DD98C41B}.Release|Any CPU.ActiveCfg = Release|Any CPU
		{8DE39669-3A74-49C3-8173-9DF6DD98C41B}.Release|Any CPU.Build.0 = Release|Any CPU
	EndGlobalSection
	GlobalSection(SolutionProperties) = preSolution
		HideSolutionNode = FALSE
	EndGlobalSection
	GlobalSection(ExtensibilityGlobals) = postSolution
		SolutionGuid = {4CCDF985-6F66-4B1B-BE7C-A8C8D4CC2A18}
	EndGlobalSection
EndGlobal
